
Microsoft Visual Studio Solution File, Format Version 12.00
# Visual Studio Version 17
VisualStudioVersion = 17.3.32929.385
MinimumVisualStudioVersion = 10.0.40219.1
Project("{9A19103F-16F7-4668-BE54-9A1E7A4F7556}") = "FluentBootstrapNCore.Tests.Mvc", "FluentBootstrapNCore.Tests.Mvc\FluentBootstrapNCore.Tests.Mvc.csproj", "{81823FC0-4DC5-49AF-BACE-B0DD8ECEBCCC}"
EndProject
Project("{9A19103F-16F7-4668-BE54-9A1E7A4F7556}") = "FluentBootstrapNCore", "FluentBootstrapNCore\FluentBootstrapNCore.csproj", "{5B1993C5-7B0C-44DD-B417-762E6657444A}"
EndProject
Project("{9A19103F-16F7-4668-BE54-9A1E7A4F7556}") = "FluentBootstrapNCore.Mvc", "FluentBootstrapNCore.Mvc\FluentBootstrapNCore.Mvc.csproj", "{BA2D74CA-0FEF-4441-9E6C-384B6D211558}"
EndProject
Global
	GlobalSection(SolutionConfigurationPlatforms) = preSolution
		Debug|Any CPU = Debug|Any CPU
		Release|Any CPU = Release|Any CPU
	EndGlobalSection
	GlobalSection(ProjectConfigurationPlatforms) = postSolution
		{81823FC0-4DC5-49AF-BACE-B0DD8ECEBCCC}.Debug|Any CPU.ActiveCfg = Debug|Any CPU
		{81823FC0-4DC5-49AF-BACE-B0DD8ECEBCCC}.Debug|Any CPU.Build.0 = Debug|Any CPU
		{81823FC0-4DC5-49AF-BACE-B0DD8ECEBCCC}.Release|Any CPU.ActiveCfg = Release|Any CPU
		{81823FC0-4DC5-49AF-BACE-B0DD8ECEBCCC}.Release|Any CPU.Build.0 = Release|Any CPU
		{5B1993C5-7B0C-44DD-B417-762E6657444A}.Debug|Any CPU.ActiveCfg = Debug|Any CPU
		{5B1993C5-7B0C-44DD-B417-762E6657444A}.Debug|Any CPU.Build.0 = Debug|Any CPU
		{5B1993C5-7B0C-44DD-B417-762E6657444A}.Release|Any CPU.ActiveCfg = Release|Any CPU
		{5B1993C5-7B0C-44DD-B417-762E6657444A}.Release|Any CPU.Build.0 = Release|Any CPU
		{BA2D74CA-0FEF-4441-9E6C-384B6D211558}.Debug|Any CPU.ActiveCfg = Debug|Any CPU
		{BA2D74CA-0FEF-4441-9E6C-384B6D211558}.Debug|Any CPU.Build.0 = Debug|Any CPU
		{BA2D74CA-0FEF-4441-9E6C-384B6D211558}.Release|Any CPU.ActiveCfg = Release|Any CPU
		{BA2D74CA-0FEF-4441-9E6C-384B6D211558}.Release|Any CPU.Build.0 = Release|Any CPU
	EndGlobalSection
	GlobalSection(SolutionProperties) = preSolution
		HideSolutionNode = FALSE
	EndGlobalSection
	GlobalSection(ExtensibilityGlobals) = postSolution
		SolutionGuid = {EF6738A6-63F5-4071-9895-581139E17211}
	EndGlobalSection
EndGlobal
